Microsoft Visual Studio Solution File, Format Version 12.00
# Visual Studio Version 17
VisualStudioVersion = 17.5.2.0
MinimumVisualStudioVersion = 10.0.40219.1
Project("{FAE04EC0-301F-11D3-BF4B-00C04F79EFBC}") = "2ValidAnagram", "2ValidAnagram.csproj", "{AEC874B0-834D-CA73-4015-0D03CAF4BC31}"
EndProject
Global
	GlobalSection(SolutionConfigurationPlatforms) = preSolution
		Debug|Any CPU = Debug|Any CPU
		Release|Any CPU = Release|Any CPU
	EndGlobalSection
	GlobalSection(ProjectConfigurationPlatforms) = postSolution
		{AEC874B0-834D-CA73-4015-0D03CAF4BC31}.Debug|Any CPU.ActiveCfg = Debug|Any CPU
		{AEC874B0-834D-CA73-4015-0D03CAF4BC31}.Debug|Any CPU.Build.0 = Debug|Any CPU
		{AEC874B0-834D-CA73-4015-0D03CAF4BC31}.Release|Any CPU.ActiveCfg = Release|Any CPU
		{AEC874B0-834D-CA73-4015-0D03CAF4BC31}.Release|Any CPU.Build.0 = Release|Any CPU
	EndGlobalSection
	GlobalSection(SolutionProperties) = preSolution
		HideSolutionNode = FALSE
	EndGlobalSection
	GlobalSection(ExtensibilityGlobals) = postSolution
		SolutionGuid = {62664865-E528-4892-AC34-7729C4025CBF}
	EndGlobalSection
EndGlobal
