Microsoft Visual Studio Solution File, Format Version 12.00
# Visual Studio Version 17
VisualStudioVersion = 17.5.2.0
MinimumVisualStudioVersion = 10.0.40219.1
Project("{FAE04EC0-301F-11D3-BF4B-00C04F79EFBC}") = "9LongestSequence", "9LongestSequence.csproj", "{752EE94C-3AD5-8432-5D13-EE491C8A7093}"
EndProject
Global
	GlobalSection(SolutionConfigurationPlatforms) = preSolution
		Debug|Any CPU = Debug|Any CPU
		Release|Any CPU = Release|Any CPU
	EndGlobalSection
	GlobalSection(ProjectConfigurationPlatforms) = postSolution
		{752EE94C-3AD5-8432-5D13-EE491C8A7093}.Debug|Any CPU.ActiveCfg = Debug|Any CPU
		{752EE94C-3AD5-8432-5D13-EE491C8A7093}.Debug|Any CPU.Build.0 = Debug|Any CPU
		{752EE94C-3AD5-8432-5D13-EE491C8A7093}.Release|Any CPU.ActiveCfg = Release|Any CPU
		{752EE94C-3AD5-8432-5D13-EE491C8A7093}.Release|Any CPU.Build.0 = Release|Any CPU
	EndGlobalSection
	GlobalSection(SolutionProperties) = preSolution
		HideSolutionNode = FALSE
	EndGlobalSection
	GlobalSection(ExtensibilityGlobals) = postSolution
		SolutionGuid = {D8A27E3F-4BDF-4FEE-A6B1-02BF700380D7}
	EndGlobalSection
EndGlobal
