Microsoft Visual Studio Solution File, Format Version 12.00
# Visual Studio Version 17
VisualStudioVersion = 17.5.2.0
MinimumVisualStudioVersion = 10.0.40219.1
Project("{FAE04EC0-301F-11D3-BF4B-00C04F79EFBC}") = "11TwoIntegerSum", "11TwoIntegerSum.csproj", "{428FB051-E4EA-B39D-A814-9B4138F4634A}"
EndProject
Global
	GlobalSection(SolutionConfigurationPlatforms) = preSolution
		Debug|Any CPU = Debug|Any CPU
		Release|Any CPU = Release|Any CPU
	EndGlobalSection
	GlobalSection(ProjectConfigurationPlatforms) = postSolution
		{428FB051-E4EA-B39D-A814-9B4138F4634A}.Debug|Any CPU.ActiveCfg = Debug|Any CPU
		{428FB051-E4EA-B39D-A814-9B4138F4634A}.Debug|Any CPU.Build.0 = Debug|Any CPU
		{428FB051-E4EA-B39D-A814-9B4138F4634A}.Release|Any CPU.ActiveCfg = Release|Any CPU
		{428FB051-E4EA-B39D-A814-9B4138F4634A}.Release|Any CPU.Build.0 = Release|Any CPU
	EndGlobalSection
	GlobalSection(SolutionProperties) = preSolution
		HideSolutionNode = FALSE
	EndGlobalSection
	GlobalSection(ExtensibilityGlobals) = postSolution
		SolutionGuid = {B4D18FCE-BC47-4F32-8EC8-95D89521CB4A}
	EndGlobalSection
EndGlobal
